// !$*UTF8*$!
{
	archiveVersion = 1;
	classes = {
	};
	objectVersion = 50;
	objects = {

/* Begin PBXBuildFile section */
		DB29409C23FEBDAD00C7A1DC /* GradientView.swift in Sources */ = {isa = PBXBuildFile; fileRef = DB29409B23FEBDAD00C7A1DC /* GradientView.swift */; };
		DB29409E23FECAF000C7A1DC /* CustomButton.swift in Sources */ = {isa = PBXBuildFile; fileRef = DB29409D23FECAF000C7A1DC /* CustomButton.swift */; };
		DB40313A23FC24B0008690CA /* AppDelegate.swift in Sources */ = {isa = PBXBuildFile; fileRef = DB40313923FC24B0008690CA /* AppDelegate.swift */; };
		DB40313C23FC24B0008690CA /* SceneDelegate.swift in Sources */ = {isa = PBXBuildFile; fileRef = DB40313B23FC24B0008690CA /* SceneDelegate.swift */; };
		DB40313E23FC24B0008690CA /* FirstViewController.swift in Sources */ = {isa = PBXBuildFile; fileRef = DB40313D23FC24B0008690CA /* FirstViewController.swift */; };
		DB40314123FC24B0008690CA /* Main.storyboard in Resources */ = {isa = PBXBuildFile; fileRef = DB40313F23FC24B0008690CA /* Main.storyboard */; };
		DB40314323FC24B2008690CA /* Assets.xcassets in Resources */ = {isa = PBXBuildFile; fileRef = DB40314223FC24B2008690CA /* Assets.xcassets */; };
		DB40314623FC24B2008690CA /* LaunchScreen.storyboard in Resources */ = {isa = PBXBuildFile; fileRef = DB40314423FC24B2008690CA /* LaunchScreen.storyboard */; };
		DB40314E23FC2865008690CA /* SecondViewController.swift in Sources */ = {isa = PBXBuildFile; fileRef = DB40314D23FC2865008690CA /* SecondViewController.swift */; };
/* End PBXBuildFile section */

/* Begin PBXFileReference section */
		DB29409B23FEBDAD00C7A1DC /* GradientView.swift */ = {isa = PBXFileReference; lastKnownFileType = sourcecode.swift; path = GradientView.swift; sourceTree = "<group>"; };
		DB29409D23FECAF000C7A1DC /* CustomButton.swift */ = {isa = PBXFileReference; lastKnownFileType = sourcecode.swift; path = CustomButton.swift; sourceTree = "<group>"; };
		DB40313623FC24B0008690CA /* CALayerDemo.app */ = {isa = PBXFileReference; explicitFileType = wrapper.application; includeInIndex = 0; path = CALayerDemo.app; sourceTree = BUILT_PRODUCTS_DIR; };
		DB40313923FC24B0008690CA /* AppDelegate.swift */ = {isa = PBXFileReference; lastKnownFileType = sourcecode.swift; path = AppDelegate.swift; sourceTree = "<group>"; };
		DB40313B23FC24B0008690CA /* SceneDelegate.swift */ = {isa = PBXFileReference; lastKnownFileType = sourcecode.swift; path = SceneDelegate.swift; sourceTree = "<group>"; };
		DB40313D23FC24B0008690CA /* FirstViewController.swift */ = {isa = PBXFileReference; lastKnownFileType = sourcecode.swift; path = FirstViewController.swift; sourceTree = "<group>"; };
		DB40314023FC24B0008690CA /* Base */ = {isa = PBXFileReference; lastKnownFileType = file.storyboard; name = Base; path = Base.lproj/Main.storyboard; sourceTree = "<group>"; };
		DB40314223FC24B2008690CA /* Assets.xcassets */ = {isa = PBXFileReference; lastKnownFileType = folder.assetcatalog; path = Assets.xcassets; sourceTree = "<group>"; };
		DB40314523FC24B2008690CA /* Base */ = {isa = PBXFileReference; lastKnownFileType = file.storyboard; name = Base; path = Base.lproj/LaunchScreen.storyboard; sourceTree = "<group>"; };
		DB40314723FC24B2008690CA /* Info.plist */ = {isa = PBXFileReference; lastKnownFileType = text.plist.xml; path = Info.plist; sourceTree = "<group>"; };
		DB40314D23FC2865008690CA /* SecondViewController.swift */ = {isa = PBXFileReference; lastKnownFileType = sourcecode.swift; path = SecondViewController.swift; sourceTree = "<group>"; };
/* End PBXFileReference section */

/* Begin PBXFrameworksBuildPhase section */
		DB40313323FC24B0008690CA /* Frameworks */ = {
			isa = PBXFrameworksBuildPhase;
			buildActionMask = 2147483647;
			files = (
			);
			runOnlyForDeploymentPostprocessing = 0;
		};
/* End PBXFrameworksBuildPhase section */

/* Begin PBXGroup section */
		DB29409F23FECB0800C7A1DC /* Controller */ = {
			isa = PBXGroup;
			children = (
				DB40313D23FC24B0008690CA /* FirstViewController.swift */,
				DB40314D23FC2865008690CA /* SecondViewController.swift */,
			);
			path = Controller;
			sourceTree = "<group>";
		};
		DB2940A023FECB1100C7A1DC /* VIew */ = {
			isa = PBXGroup;
			children = (
				DB29409B23FEBDAD00C7A1DC /* GradientView.swift */,
				DB29409D23FECAF000C7A1DC /* CustomButton.swift */,
			);
			path = VIew;
			sourceTree = "<group>";
		};
		DB2940A123FECB9200C7A1DC /* Supportingg files */ = {
			isa = PBXGroup;
			children = (
				DB40313923FC24B0008690CA /* AppDelegate.swift */,
				DB40313B23FC24B0008690CA /* SceneDelegate.swift */,
				DB40314723FC24B2008690CA /* Info.plist */,
			);
			path = "Supportingg files";
			sourceTree = "<group>";
		};
		DB2940A223FECBD500C7A1DC /* Resources */ = {
			isa = PBXGroup;
			children = (
				DB40313F23FC24B0008690CA /* Main.storyboard */,
				DB40314423FC24B2008690CA /* LaunchScreen.storyboard */,
				DB40314223FC24B2008690CA /* Assets.xcassets */,
			);
			path = Resources;
			sourceTree = "<group>";
		};
		DB40312D23FC24B0008690CA = {
			isa = PBXGroup;
			children = (
				DB40313823FC24B0008690CA /* CALayerDemo */,
				DB40313723FC24B0008690CA /* Products */,
			);
			sourceTree = "<group>";
		};
		DB40313723FC24B0008690CA /* Products */ = {
			isa = PBXGroup;
			children = (
				DB40313623FC24B0008690CA /* CALayerDemo.app */,
			);
			name = Products;
			sourceTree = "<group>";
		};
		DB40313823FC24B0008690CA /* CALayerDemo */ = {
			isa = PBXGroup;
			children = (
				DB2940A223FECBD500C7A1DC /* Resources */,
				DB2940A123FECB9200C7A1DC /* Supportingg files */,
				DB2940A023FECB1100C7A1DC /* VIew */,
				DB29409F23FECB0800C7A1DC /* Controller */,
			);
			path = CALayerDemo;
			sourceTree = "<group>";
		};
/* End PBXGroup section */

/* Begin PBXNativeTarget section */
		DB40313523FC24B0008690CA /* CALayerDemo */ = {
			isa = PBXNativeTarget;
			buildConfigurationList = DB40314A23FC24B2008690CA /* Build configuration list for PBXNativeTarget "CALayerDemo" */;
			buildPhases = (
				DB40313223FC24B0008690CA /* Sources */,
				DB40313323FC24B0008690CA /* Frameworks */,
				DB40313423FC24B0008690CA /* Resources */,
			);
			buildRules = (
			);
			dependencies = (
			);
			name = CALayerDemo;
			productName = CALayerDemo;
			productReference = DB40313623FC24B0008690CA /* CALayerDemo.app */;
			productType = "com.apple.product-type.application";
		};
/* End PBXNativeTarget section */

/* Begin PBXProject section */
		DB40312E23FC24B0008690CA /* Project object */ = {
			isa = PBXProject;
			attributes = {
				LastSwiftUpdateCheck = 1120;
				LastUpgradeCheck = 1120;
				ORGANIZATIONNAME = "Andrey Kovalenko";
				TargetAttributes = {
					DB40313523FC24B0008690CA = {
						CreatedOnToolsVersion = 11.2.1;
					};
				};
			};
			buildConfigurationList = DB40313123FC24B0008690CA /* Build configuration list for PBXProject "CALayerDemo" */;
			compatibilityVersion = "Xcode 9.3";
			developmentRegion = en;
			hasScannedForEncodings = 0;
			knownRegions = (
				en,
				Base,
			);
			mainGroup = DB40312D23FC24B0008690CA;
			productRefGroup = DB40313723FC24B0008690CA /* Products */;
			projectDirPath = "";
			projectRoot = "";
			targets = (
				DB40313523FC24B0008690CA /* CALayerDemo */,
			);
		};
/* End PBXProject section */

/* Begin PBXResourcesBuildPhase section */
		DB40313423FC24B0008690CA /* Resources */ = {
			isa = PBXResourcesBuildPhase;
			buildActionMask = 2147483647;
			files = (
				DB40314623FC24B2008690CA /* LaunchScreen.storyboard in Resources */,
				DB40314323FC24B2008690CA /* Assets.xcassets in Resources */,
				DB40314123FC24B0008690CA /* Main.storyboard in Resources */,
			);
			runOnlyForDeploymentPostprocessing = 0;
		};
/* End PBXResourcesBuildPhase section */

/* Begin PBXSourcesBuildPhase section */
		DB40313223FC24B0008690CA /* Sources */ = {
			isa = PBXSourcesBuildPhase;
			buildActionMask = 2147483647;
			files = (
				DB40314E23FC2865008690CA /* SecondViewController.swift in Sources */,
				DB40313E23FC24B0008690CA /* FirstViewController.swift in Sources */,
				DB29409E23FECAF000C7A1DC /* CustomButton.swift in Sources */,
				DB29409C23FEBDAD00C7A1DC /* GradientView.swift in Sources */,
				DB40313A23FC24B0008690CA /* AppDelegate.swift in Sources */,
				DB40313C23FC24B0008690CA /* SceneDelegate.swift in Sources */,
			);
			runOnlyForDeploymentPostprocessing = 0;
		};
/* End PBXSourcesBuildPhase section */

/* Begin PBXVariantGroup section */
		DB40313F23FC24B0008690CA /* Main.storyboard */ = {
			isa = PBXVariantGroup;
			children = (
				DB40314023FC24B0008690CA /* Base */,
			);
			name = Main.storyboard;
			sourceTree = "<group>";
		};
		DB40314423FC24B2008690CA /* LaunchScreen.storyboard */ = {
			isa = PBXVariantGroup;
			children = (
				DB40314523FC24B2008690CA /* Base */,
			);
			name = LaunchScreen.storyboard;
			sourceTree = "<group>";
		};
/* End PBXVariantGroup section */

/* Begin XCBuildConfiguration section */
		DB40314823FC24B2008690CA /* Debug */ = {
			isa = XCBuildConfiguration;
			buildSettings = {
				ALWAYS_SEARCH_USER_PATHS = NO;
				CLANG_ANALYZER_NONNULL = YES;
				CLANG_ANALYZER_NUMBER_OBJECT_CONVERSION = YES_AGGRESSIVE;
				CLANG_CXX_LANGUAGE_STANDARD = "gnu++14";
				CLANG_CXX_LIBRARY = "libc++";
				CLANG_ENABLE_MODULES = YES;
				CLANG_ENABLE_OBJC_ARC = YES;
				CLANG_ENABLE_OBJC_WEAK = YES;
				CLANG_WARN_BLOCK_CAPTURE_AUTORELEASING = YES;
				CLANG_WARN_BOOL_CONVERSION = YES;
				CLANG_WARN_COMMA = YES;
				CLANG_WARN_CONSTANT_CONVERSION = YES;
				CLANG_WARN_DEPRECATED_OBJC_IMPLEMENTATIONS = YES;
				CLANG_WARN_DIRECT_OBJC_ISA_USAGE = YES_ERROR;
				CLANG_WARN_DOCUMENTATION_COMMENTS = YES;
				CLANG_WARN_EMPTY_BODY = YES;
				CLANG_WARN_ENUM_CONVERSION = YES;
				CLANG_WARN_INFINITE_RECURSION = YES;
				CLANG_WARN_INT_CONVERSION = YES;
				CLANG_WARN_NON_LITERAL_NULL_CONVERSION = YES;
				CLANG_WARN_OBJC_IMPLICIT_RETAIN_SELF = YES;
				CLANG_WARN_OBJC_LITERAL_CONVERSION = YES;
				CLANG_WARN_OBJC_ROOT_CLASS = YES_ERROR;
				CLANG_WARN_RANGE_LOOP_ANALYSIS = YES;
				CLANG_WARN_STRICT_PROTOTYPES = YES;
				CLANG_WARN_SUSPICIOUS_MOVE = YES;
				CLANG_WARN_UNGUARDED_AVAILABILITY = YES_AGGRESSIVE;
				CLANG_WARN_UNREACHABLE_CODE = YES;
				CLANG_WARN__DUPLICATE_METHOD_MATCH = YES;
				COPY_PHASE_STRIP = NO;
				DEBUG_INFORMATION_FORMAT = dwarf;
				ENABLE_STRICT_OBJC_MSGSEND = YES;
				ENABLE_TESTABILITY = YES;
				GCC_C_LANGUAGE_STANDARD = gnu11;
				GCC_DYNAMIC_NO_PIC = NO;
				GCC_NO_COMMON_BLOCKS = YES;
				GCC_OPTIMIZATION_LEVEL = 0;
				GCC_PREPROCESSOR_DEFINITIONS = (
					"DEBUG=1",
					"$(inherited)",
				);
				GCC_WARN_64_TO_32_BIT_CONVERSION = YES;
				GCC_WARN_ABOUT_RETURN_TYPE = YES_ERROR;
				GCC_WARN_UNDECLARED_SELECTOR = YES;
				GCC_WARN_UNINITIALIZED_AUTOS = YES_AGGRESSIVE;
				GCC_WARN_UNUSED_FUNCTION = YES;
				GCC_WARN_UNUSED_VARIABLE = YES;
				IPHONEOS_DEPLOYMENT_TARGET = 13.2;
				MTL_ENABLE_DEBUG_INFO = INCLUDE_SOURCE;
				MTL_FAST_MATH = YES;
				ONLY_ACTIVE_ARCH = YES;
				SDKROOT = iphoneos;
				SWIFT_ACTIVE_COMPILATION_CONDITIONS = DEBUG;
				SWIFT_OPTIMIZATION_LEVEL = "-Onone";
			};
			name = Debug;
		};
		DB40314923FC24B2008690CA /* Release */ = {
			isa = XCBuildConfiguration;
			buildSettings = {
				ALWAYS_SEARCH_USER_PATHS = NO;
				CLANG_ANALYZER_NONNULL = YES;
				CLANG_ANALYZER_NUMBER_OBJECT_CONVERSION = YES_AGGRESSIVE;
				CLANG_CXX_LANGUAGE_STANDARD = "gnu++14";
				CLANG_CXX_LIBRARY = "libc++";
				CLANG_ENABLE_MODULES = YES;
				CLANG_ENABLE_OBJC_ARC = YES;
				CLANG_ENABLE_OBJC_WEAK = YES;
				CLANG_WARN_BLOCK_CAPTURE_AUTORELEASING = YES;
				CLANG_WARN_BOOL_CONVERSION = YES;
				CLANG_WARN_COMMA = YES;
				CLANG_WARN_CONSTANT_CONVERSION = YES;
				CLANG_WARN_DEPRECATED_OBJC_IMPLEMENTATIONS = YES;
				CLANG_WARN_DIRECT_OBJC_ISA_USAGE = YES_ERROR;
				CLANG_WARN_DOCUMENTATION_COMMENTS = YES;
				CLANG_WARN_EMPTY_BODY = YES;
				CLANG_WARN_ENUM_CONVERSION = YES;
				CLANG_WARN_INFINITE_RECURSION = YES;
				CLANG_WARN_INT_CONVERSION = YES;
				CLANG_WARN_NON_LITERAL_NULL_CONVERSION = YES;
				CLANG_WARN_OBJC_IMPLICIT_RETAIN_SELF = YES;
				CLANG_WARN_OBJC_LITERAL_CONVERSION = YES;
				CLANG_WARN_OBJC_ROOT_CLASS = YES_ERROR;
				CLANG_WARN_RANGE_LOOP_ANALYSIS = YES;
				CLANG_WARN_STRICT_PROTOTYPES = YES;
				CLANG_WARN_SUSPICIOUS_MOVE = YES;
				CLANG_WARN_UNGUARDED_AVAILABILITY = YES_AGGRESSIVE;
				CLANG_WARN_UNREACHABLE_CODE = YES;
				CLANG_WARN__DUPLICATE_METHOD_MATCH = YES;
				COPY_PHASE_STRIP = NO;
				DEBUG_INFORMATION_FORMAT = "dwarf-with-dsym";
				ENABLE_NS_ASSERTIONS = NO;
				ENABLE_STRICT_OBJC_MSGSEND = YES;
				GCC_C_LANGUAGE_STANDARD = gnu11;
				GCC_NO_COMMON_BLOCKS = YES;
				GCC_WARN_64_TO_32_BIT_CONVERSION = YES;
				GCC_WARN_ABOUT_RETURN_TYPE = YES_ERROR;
				GCC_WARN_UNDECLARED_SELECTOR = YES;
				GCC_WARN_UNINITIALIZED_AUTOS = YES_AGGRESSIVE;
				GCC_WARN_UNUSED_FUNCTION = YES;
				GCC_WARN_UNUSED_VARIABLE = YES;
				IPHONEOS_DEPLOYMENT_TARGET = 13.2;
				MTL_ENABLE_DEBUG_INFO = NO;
				MTL_FAST_MATH = YES;
				SDKROOT = iphoneos;
				SWIFT_COMPILATION_MODE = wholemodule;
				SWIFT_OPTIMIZATION_LEVEL = "-O";
				VALIDATE_PRODUCT = YES;
			};
			name = Release;
		};
		DB40314B23FC24B2008690CA /* Debug */ = {
			isa = XCBuildConfiguration;
			buildSettings = {
				ASSETCATALOG_COMPILER_APPICON_NAME = AppIcon;
				CODE_SIGN_STYLE = Automatic;
				DEVELOPMENT_TEAM = B4QM5LYQNJ;
				INFOPLIST_FILE = "$(SRCROOT)/CALayerDemo/Supportingg files/Info.plist";
				LD_RUNPATH_SEARCH_PATHS = (
					"$(inherited)",
					"@executable_path/Frameworks",
				);
				PRODUCT_BUNDLE_IDENTIFIER = BadCompany.CALayerDemo;
				PRODUCT_NAME = "$(TARGET_NAME)";
				SWIFT_VERSION = 5.0;
				TARGETED_DEVICE_FAMILY = 1;
			};
			name = Debug;
		};
		DB40314C23FC24B2008690CA /* Release */ = {
			isa = XCBuildConfiguration;
			buildSettings = {
				ASSETCATALOG_COMPILER_APPICON_NAME = AppIcon;
				CODE_SIGN_STYLE = Automatic;
				DEVELOPMENT_TEAM = B4QM5LYQNJ;
				INFOPLIST_FILE = "$(SRCROOT)/CALayerDemo/Supportingg files/Info.plist";
				LD_RUNPATH_SEARCH_PATHS = (
					"$(inherited)",
					"@executable_path/Frameworks",
				);
				PRODUCT_BUNDLE_IDENTIFIER = BadCompany.CALayerDemo;
				PRODUCT_NAME = "$(TARGET_NAME)";
				SWIFT_VERSION = 5.0;
				TARGETED_DEVICE_FAMILY = 1;
			};
			name = Release;
		};
/* End XCBuildConfiguration section */

/* Begin XCConfigurationList section */
		DB40313123FC24B0008690CA /* Build configuration list for PBXProject "CALayerDemo" */ = {
			isa = XCConfigurationList;
			buildConfigurations = (
				DB40314823FC24B2008690CA /* Debug */,
				DB40314923FC24B2008690CA /* Release */,
			);
			defaultConfigurationIsVisible = 0;
			defaultConfigurationName = Release;
		};
		DB40314A23FC24B2008690CA /* Build configuration list for PBXNativeTarget "CALayerDemo" */ = {
			isa = XCConfigurationList;
			buildConfigurations = (
				DB40314B23FC24B2008690CA /* Debug */,
				DB40314C23FC24B2008690CA /* Release */,
			);
			defaultConfigurationIsVisible = 0;
			defaultConfigurationName = Release;
		};
/* End XCConfigurationList section */
	};
	rootObject = DB40312E23FC24B0008690CA /* Project object */;
}
